
Microsoft Visual Studio Solution File, Format Version 12.00
# Visual Studio Version 16
VisualStudioVersion = 16.0.29230.61
MinimumVisualStudioVersion = 10.0.40219.1
Project("{9A19103F-16F7-4668-BE54-9A1E7A4F7556}") = "Daem0n.DI", "Daem0n.DI\Daem0n.DI.csproj", "{FCE10359-74DE-421A-A2AC-B674EA197EBC}"
EndProject
Project("{9A19103F-16F7-4668-BE54-9A1E7A4F7556}") = "Daem0n.Test", "Daem0n.Test\Daem0n.Test.csproj", "{C7620385-E03D-48DD-BB8D-9F31C93A5D0A}"
EndProject
Project("{9A19103F-16F7-4668-BE54-9A1E7A4F7556}") = "Daem0n.Test.Web", "Daem0n.Test.Web\Daem0n.Test.Web.csproj", "{579D6A89-A511-4756-9126-31D1E1495C3F}"
EndProject
Project("{9A19103F-16F7-4668-BE54-9A1E7A4F7556}") = "Daem0n.SimIoc", "Daem0n.SimIoc\Daem0n.SimIoc.csproj", "{CB2BB0F9-1621-4AF0-966D-F77E0E525002}"
EndProject
Project("{FAE04EC0-301F-11D3-BF4B-00C04F79EFBC}") = "Daem0n.gRPC.Demo", "Daem0n.gRPC.Demo\Daem0n.gRPC.Demo.csproj", "{323A16D2-235E-4153-B4A8-F72774FB7090}"
EndProject
Global
	GlobalSection(SolutionConfigurationPlatforms) = preSolution
		Debug|Any CPU = Debug|Any CPU
		Release|Any CPU = Release|Any CPU
	EndGlobalSection
	GlobalSection(ProjectConfigurationPlatforms) = postSolution
		{FCE10359-74DE-421A-A2AC-B674EA197EBC}.Debug|Any CPU.ActiveCfg = Debug|Any CPU
		{FCE10359-74DE-421A-A2AC-B674EA197EBC}.Debug|Any CPU.Build.0 = Debug|Any CPU
		{FCE10359-74DE-421A-A2AC-B674EA197EBC}.Release|Any CPU.ActiveCfg = Release|Any CPU
		{FCE10359-74DE-421A-A2AC-B674EA197EBC}.Release|Any CPU.Build.0 = Release|Any CPU
		{C7620385-E03D-48DD-BB8D-9F31C93A5D0A}.Debug|Any CPU.ActiveCfg = Debug|Any CPU
		{C7620385-E03D-48DD-BB8D-9F31C93A5D0A}.Debug|Any CPU.Build.0 = Debug|Any CPU
		{C7620385-E03D-48DD-BB8D-9F31C93A5D0A}.Release|Any CPU.ActiveCfg = Release|Any CPU
		{C7620385-E03D-48DD-BB8D-9F31C93A5D0A}.Release|Any CPU.Build.0 = Release|Any CPU
		{579D6A89-A511-4756-9126-31D1E1495C3F}.Debug|Any CPU.ActiveCfg = Debug|Any CPU
		{579D6A89-A511-4756-9126-31D1E1495C3F}.Debug|Any CPU.Build.0 = Debug|Any CPU
		{579D6A89-A511-4756-9126-31D1E1495C3F}.Release|Any CPU.ActiveCfg = Release|Any CPU
		{579D6A89-A511-4756-9126-31D1E1495C3F}.Release|Any CPU.Build.0 = Release|Any CPU
		{CB2BB0F9-1621-4AF0-966D-F77E0E525002}.Debug|Any CPU.ActiveCfg = Debug|Any CPU
		{CB2BB0F9-1621-4AF0-966D-F77E0E525002}.Debug|Any CPU.Build.0 = Debug|Any CPU
		{CB2BB0F9-1621-4AF0-966D-F77E0E525002}.Release|Any CPU.ActiveCfg = Release|Any CPU
		{CB2BB0F9-1621-4AF0-966D-F77E0E525002}.Release|Any CPU.Build.0 = Release|Any CPU
		{323A16D2-235E-4153-B4A8-F72774FB7090}.Debug|Any CPU.ActiveCfg = Debug|Any CPU
		{323A16D2-235E-4153-B4A8-F72774FB7090}.Debug|Any CPU.Build.0 = Debug|Any CPU
		{323A16D2-235E-4153-B4A8-F72774FB7090}.Release|Any CPU.ActiveCfg = Release|Any CPU
		{323A16D2-235E-4153-B4A8-F72774FB7090}.Release|Any CPU.Build.0 = Release|Any CPU
	EndGlobalSection
	GlobalSection(SolutionProperties) = preSolution
		HideSolutionNode = FALSE
	EndGlobalSection
	GlobalSection(ExtensibilityGlobals) = postSolution
		SolutionGuid = {BE8FC8EC-5A9D-4075-BA57-4238A367DB03}
	EndGlobalSection
EndGlobal
